
Microsoft Visual Studio Solution File, Format Version 12.00
# Visual Studio Version 17
VisualStudioVersion = 17.5.002.0
MinimumVisualStudioVersion = 10.0.40219.1
Project("{9A19103F-16F7-4668-BE54-9A1E7A4F7556}") = "githubtest", "githubtest.csproj", "{C0A9A29F-FDDE-4959-B73B-8311748B029F}"
EndProject
Global
	GlobalSection(SolutionConfigurationPlatforms) = preSolution
		Debug|Any CPU = Debug|Any CPU
		Release|Any CPU = Release|Any CPU
	EndGlobalSection
	GlobalSection(ProjectConfigurationPlatforms) = postSolution
		{C0A9A29F-FDDE-4959-B73B-8311748B029F}.Debug|Any CPU.ActiveCfg = Debug|Any CPU
		{C0A9A29F-FDDE-4959-B73B-8311748B029F}.Debug|Any CPU.Build.0 = Debug|Any CPU
		{C0A9A29F-FDDE-4959-B73B-8311748B029F}.Release|Any CPU.ActiveCfg = Release|Any CPU
		{C0A9A29F-FDDE-4959-B73B-8311748B029F}.Release|Any CPU.Build.0 = Release|Any CPU
	EndGlobalSection
	GlobalSection(SolutionProperties) = preSolution
		HideSolutionNode = FALSE
	EndGlobalSection
	GlobalSection(ExtensibilityGlobals) = postSolution
		SolutionGuid = {0C3CAD27-EDDF-4C64-A4EF-CA83E83981A7}
	EndGlobalSection
EndGlobal
